
Microsoft Visual Studio Solution File, Format Version 12.00
# Visual Studio Version 17
VisualStudioVersion = 17.1.32421.90
MinimumVisualStudioVersion = 10.0.40219.1
Project("{FAE04EC0-301F-11D3-BF4B-00C04F79EFBC}") = "Micraft.ManeGrowAgro", "Micraft.ManeGrowAgro\Micraft.ManeGrowAgro.csproj", "{55EA0BAC-E828-46AC-82FA-C9AD6188F065}"
EndProject
Global
	GlobalSection(SolutionConfigurationPlatforms) = preSolution
		Debug|Any CPU = Debug|Any CPU
		Release|Any CPU = Release|Any CPU
	EndGlobalSection
	GlobalSection(ProjectConfigurationPlatforms) = postSolution
		{55EA0BAC-E828-46AC-82FA-C9AD6188F065}.Debug|Any CPU.ActiveCfg = Debug|Any CPU
		{55EA0BAC-E828-46AC-82FA-C9AD6188F065}.Debug|Any CPU.Build.0 = Debug|Any CPU
		{55EA0BAC-E828-46AC-82FA-C9AD6188F065}.Release|Any CPU.ActiveCfg = Release|Any CPU
		{55EA0BAC-E828-46AC-82FA-C9AD6188F065}.Release|Any CPU.Build.0 = Release|Any CPU
	EndGlobalSection
	GlobalSection(SolutionProperties) = preSolution
		HideSolutionNode = FALSE
	EndGlobalSection
	GlobalSection(ExtensibilityGlobals) = postSolution
		SolutionGuid = {006C6F42-969D-43C6-BD30-75F4864A0DE5}
	EndGlobalSection
EndGlobal
